
Microsoft Visual Studio Solution File, Format Version 12.00
# Visual Studio 15
VisualStudioVersion = 15.0.27703.2026
MinimumVisualStudioVersion = 10.0.40219.1
Project("{FAE04EC0-301F-11D3-BF4B-00C04F79EFBC}") = "CensusSurvey", "CensusSurvey\CensusSurvey.csproj", "{CAD0748A-8EB5-4A6E-8CA1-B57C7A224207}"
EndProject
Global
	GlobalSection(SolutionConfigurationPlatforms) = preSolution
		Debug|Any CPU = Debug|Any CPU
		Release|Any CPU = Release|Any CPU
	EndGlobalSection
	GlobalSection(ProjectConfigurationPlatforms) = postSolution
		{CAD0748A-8EB5-4A6E-8CA1-B57C7A224207}.Debug|Any CPU.ActiveCfg = Debug|Any CPU
		{CAD0748A-8EB5-4A6E-8CA1-B57C7A224207}.Debug|Any CPU.Build.0 = Debug|Any CPU
		{CAD0748A-8EB5-4A6E-8CA1-B57C7A224207}.Release|Any CPU.ActiveCfg = Release|Any CPU
		{CAD0748A-8EB5-4A6E-8CA1-B57C7A224207}.Release|Any CPU.Build.0 = Release|Any CPU
	EndGlobalSection
	GlobalSection(SolutionProperties) = preSolution
		HideSolutionNode = FALSE
	EndGlobalSection
	GlobalSection(ExtensibilityGlobals) = postSolution
		SolutionGuid = {D6915F47-877C-4C69-96F2-F53ADA303839}
	EndGlobalSection
EndGlobal
